// !$*UTF8*$!
{
	archiveVersion = 1;
	classes = {
	};
	objectVersion = 55;
	objects = {

/* Begin PBXBuildFile section */
		8D74554F269FDB6D002A8EF5 /* RandomQuoteAndImagesApp.swift in Sources */ = {isa = PBXBuildFile; fileRef = 8D74554E269FDB6D002A8EF5 /* RandomQuoteAndImagesApp.swift */; };
		8D745551269FDB6D002A8EF5 /* ContentView.swift in Sources */ = {isa = PBXBuildFile; fileRef = 8D745550269FDB6D002A8EF5 /* ContentView.swift */; };
		8D745553269FDB6E002A8EF5 /* Assets.xcassets in Resources */ = {isa = PBXBuildFile; fileRef = 8D745552269FDB6E002A8EF5 /* Assets.xcassets */; };
		8D745556269FDB6E002A8EF5 /* Preview Assets.xcassets in Resources */ = {isa = PBXBuildFile; fileRef = 8D745555269FDB6E002A8EF5 /* Preview Assets.xcassets */; };
		8D745560269FDBED002A8EF5 /* Webservice.swift in Sources */ = {isa = PBXBuildFile; fileRef = 8D74555F269FDBED002A8EF5 /* Webservice.swift */; };
		8D745562269FDC2F002A8EF5 /* RandomImage.swift in Sources */ = {isa = PBXBuildFile; fileRef = 8D745561269FDC2F002A8EF5 /* RandomImage.swift */; };
		8D745565269FDDD5002A8EF5 /* Constants.swift in Sources */ = {isa = PBXBuildFile; fileRef = 8D745564269FDDD5002A8EF5 /* Constants.swift */; };
		8D745567269FE154002A8EF5 /* RandomImageListViewModel.swift in Sources */ = {isa = PBXBuildFile; fileRef = 8D745566269FE154002A8EF5 /* RandomImageListViewModel.swift */; };
/* End PBXBuildFile section */

/* Begin PBXFileReference section */
		8D74554B269FDB6D002A8EF5 /* RandomQuoteAndImages.app */ = {isa = PBXFileReference; explicitFileType = wrapper.application; includeInIndex = 0; path = RandomQuoteAndImages.app; sourceTree = BUILT_PRODUCTS_DIR; };
		8D74554E269FDB6D002A8EF5 /* RandomQuoteAndImagesApp.swift */ = {isa = PBXFileReference; lastKnownFileType = sourcecode.swift; path = RandomQuoteAndImagesApp.swift; sourceTree = "<group>"; };
		8D745550269FDB6D002A8EF5 /* ContentView.swift */ = {isa = PBXFileReference; lastKnownFileType = sourcecode.swift; path = ContentView.swift; sourceTree = "<group>"; };
		8D745552269FDB6E002A8EF5 /* Assets.xcassets */ = {isa = PBXFileReference; lastKnownFileType = folder.assetcatalog; path = Assets.xcassets; sourceTree = "<group>"; };
		8D745555269FDB6E002A8EF5 /* Preview Assets.xcassets */ = {isa = PBXFileReference; lastKnownFileType = folder.assetcatalog; path = "Preview Assets.xcassets"; sourceTree = "<group>"; };
		8D74555F269FDBED002A8EF5 /* Webservice.swift */ = {isa = PBXFileReference; lastKnownFileType = sourcecode.swift; path = Webservice.swift; sourceTree = "<group>"; };
		8D745561269FDC2F002A8EF5 /* RandomImage.swift */ = {isa = PBXFileReference; lastKnownFileType = sourcecode.swift; path = RandomImage.swift; sourceTree = "<group>"; };
		8D745564269FDDD5002A8EF5 /* Constants.swift */ = {isa = PBXFileReference; lastKnownFileType = sourcecode.swift; path = Constants.swift; sourceTree = "<group>"; };
		8D745566269FE154002A8EF5 /* RandomImageListViewModel.swift */ = {isa = PBXFileReference; lastKnownFileType = sourcecode.swift; path = RandomImageListViewModel.swift; sourceTree = "<group>"; };
/* End PBXFileReference section */

/* Begin PBXFrameworksBuildPhase section */
		8D745548269FDB6D002A8EF5 /* Frameworks */ = {
			isa = PBXFrameworksBuildPhase;
			buildActionMask = 2147483647;
			files = (
			);
			runOnlyForDeploymentPostprocessing = 0;
		};
/* End PBXFrameworksBuildPhase section */

/* Begin PBXGroup section */
		8D745542269FDB6D002A8EF5 = {
			isa = PBXGroup;
			children = (
				8D74554D269FDB6D002A8EF5 /* RandomQuoteAndImages */,
				8D74554C269FDB6D002A8EF5 /* Products */,
			);
			sourceTree = "<group>";
		};
		8D74554C269FDB6D002A8EF5 /* Products */ = {
			isa = PBXGroup;
			children = (
				8D74554B269FDB6D002A8EF5 /* RandomQuoteAndImages.app */,
			);
			name = Products;
			sourceTree = "<group>";
		};
		8D74554D269FDB6D002A8EF5 /* RandomQuoteAndImages */ = {
			isa = PBXGroup;
			children = (
				8D745563269FDDC5002A8EF5 /* Utils */,
				8D74555E269FDBDC002A8EF5 /* View Models */,
				8D74555D269FDBD6002A8EF5 /* Models */,
				8D74555C269FDBCE002A8EF5 /* Services */,
				8D74554E269FDB6D002A8EF5 /* RandomQuoteAndImagesApp.swift */,
				8D745550269FDB6D002A8EF5 /* ContentView.swift */,
				8D745552269FDB6E002A8EF5 /* Assets.xcassets */,
				8D745554269FDB6E002A8EF5 /* Preview Content */,
			);
			path = RandomQuoteAndImages;
			sourceTree = "<group>";
		};
		8D745554269FDB6E002A8EF5 /* Preview Content */ = {
			isa = PBXGroup;
			children = (
				8D745555269FDB6E002A8EF5 /* Preview Assets.xcassets */,
			);
			path = "Preview Content";
			sourceTree = "<group>";
		};
		8D74555C269FDBCE002A8EF5 /* Services */ = {
			isa = PBXGroup;
			children = (
				8D74555F269FDBED002A8EF5 /* Webservice.swift */,
			);
			path = Services;
			sourceTree = "<group>";
		};
		8D74555D269FDBD6002A8EF5 /* Models */ = {
			isa = PBXGroup;
			children = (
				8D745561269FDC2F002A8EF5 /* RandomImage.swift */,
			);
			path = Models;
			sourceTree = "<group>";
		};
		8D74555E269FDBDC002A8EF5 /* View Models */ = {
			isa = PBXGroup;
			children = (
				8D745566269FE154002A8EF5 /* RandomImageListViewModel.swift */,
			);
			path = "View Models";
			sourceTree = "<group>";
		};
		8D745563269FDDC5002A8EF5 /* Utils */ = {
			isa = PBXGroup;
			children = (
				8D745564269FDDD5002A8EF5 /* Constants.swift */,
			);
			path = Utils;
			sourceTree = "<group>";
		};
/* End PBXGroup section */

/* Begin PBXNativeTarget section */
		8D74554A269FDB6D002A8EF5 /* RandomQuoteAndImages */ = {
			isa = PBXNativeTarget;
			buildConfigurationList = 8D745559269FDB6E002A8EF5 /* Build configuration list for PBXNativeTarget "RandomQuoteAndImages" */;
			buildPhases = (
				8D745547269FDB6D002A8EF5 /* Sources */,
				8D745548269FDB6D002A8EF5 /* Frameworks */,
				8D745549269FDB6D002A8EF5 /* Resources */,
			);
			buildRules = (
			);
			dependencies = (
			);
			name = RandomQuoteAndImages;
			productName = RandomQuoteAndImages;
			productReference = 8D74554B269FDB6D002A8EF5 /* RandomQuoteAndImages.app */;
			productType = "com.apple.product-type.application";
		};
/* End PBXNativeTarget section */

/* Begin PBXProject section */
		8D745543269FDB6D002A8EF5 /* Project object */ = {
			isa = PBXProject;
			attributes = {
				BuildIndependentTargetsInParallel = 1;
				LastSwiftUpdateCheck = 1300;
				LastUpgradeCheck = 1300;
				TargetAttributes = {
					8D74554A269FDB6D002A8EF5 = {
						CreatedOnToolsVersion = 13.0;
					};
				};
			};
			buildConfigurationList = 8D745546269FDB6D002A8EF5 /* Build configuration list for PBXProject "RandomQuoteAndImages" */;
			compatibilityVersion = "Xcode 13.0";
			developmentRegion = en;
			hasScannedForEncodings = 0;
			knownRegions = (
				en,
				Base,
			);
			mainGroup = 8D745542269FDB6D002A8EF5;
			productRefGroup = 8D74554C269FDB6D002A8EF5 /* Products */;
			projectDirPath = "";
			projectRoot = "";
			targets = (
				8D74554A269FDB6D002A8EF5 /* RandomQuoteAndImages */,
			);
		};
/* End PBXProject section */

/* Begin PBXResourcesBuildPhase section */
		8D745549269FDB6D002A8EF5 /* Resources */ = {
			isa = PBXResourcesBuildPhase;
			buildActionMask = 2147483647;
			files = (
				8D745556269FDB6E002A8EF5 /* Preview Assets.xcassets in Resources */,
				8D745553269FDB6E002A8EF5 /* Assets.xcassets in Resources */,
			);
			runOnlyForDeploymentPostprocessing = 0;
		};
/* End PBXResourcesBuildPhase section */

/* Begin PBXSourcesBuildPhase section */
		8D745547269FDB6D002A8EF5 /* Sources */ = {
			isa = PBXSourcesBuildPhase;
			buildActionMask = 2147483647;
			files = (
				8D745565269FDDD5002A8EF5 /* Constants.swift in Sources */,
				8D745562269FDC2F002A8EF5 /* RandomImage.swift in Sources */,
				8D745551269FDB6D002A8EF5 /* ContentView.swift in Sources */,
				8D74554F269FDB6D002A8EF5 /* RandomQuoteAndImagesApp.swift in Sources */,
				8D745560269FDBED002A8EF5 /* Webservice.swift in Sources */,
				8D745567269FE154002A8EF5 /* RandomImageListViewModel.swift in Sources */,
			);
			runOnlyForDeploymentPostprocessing = 0;
		};
/* End PBXSourcesBuildPhase section */

/* Begin XCBuildConfiguration section */
		8D745557269FDB6E002A8EF5 /* Debug */ = {
			isa = XCBuildConfiguration;
			buildSettings = {
				ALWAYS_SEARCH_USER_PATHS = NO;
				CLANG_ANALYZER_NONNULL = YES;
				CLANG_ANALYZER_NUMBER_OBJECT_CONVERSION = YES_AGGRESSIVE;
				CLANG_CXX_LANGUAGE_STANDARD = "gnu++17";
				CLANG_CXX_LIBRARY = "libc++";
				CLANG_ENABLE_MODULES = YES;
				CLANG_ENABLE_OBJC_ARC = YES;
				CLANG_ENABLE_OBJC_WEAK = YES;
				CLANG_WARN_BLOCK_CAPTURE_AUTORELEASING = YES;
				CLANG_WARN_BOOL_CONVERSION = YES;
				CLANG_WARN_COMMA = YES;
				CLANG_WARN_CONSTANT_CONVERSION = YES;
				CLANG_WARN_DEPRECATED_OBJC_IMPLEMENTATIONS = YES;
				CLANG_WARN_DIRECT_OBJC_ISA_USAGE = YES_ERROR;
				CLANG_WARN_DOCUMENTATION_COMMENTS = YES;
				CLANG_WARN_EMPTY_BODY = YES;
				CLANG_WARN_ENUM_CONVERSION = YES;
				CLANG_WARN_INFINITE_RECURSION = YES;
				CLANG_WARN_INT_CONVERSION = YES;
				CLANG_WARN_NON_LITERAL_NULL_CONVERSION = YES;
				CLANG_WARN_OBJC_IMPLICIT_RETAIN_SELF = YES;
				CLANG_WARN_OBJC_LITERAL_CONVERSION = YES;
				CLANG_WARN_OBJC_ROOT_CLASS = YES_ERROR;
				CLANG_WARN_QUOTED_INCLUDE_IN_FRAMEWORK_HEADER = YES;
				CLANG_WARN_RANGE_LOOP_ANALYSIS = YES;
				CLANG_WARN_STRICT_PROTOTYPES = YES;
				CLANG_WARN_SUSPICIOUS_MOVE = YES;
				CLANG_WARN_UNGUARDED_AVAILABILITY = YES_AGGRESSIVE;
				CLANG_WARN_UNREACHABLE_CODE = YES;
				CLANG_WARN__DUPLICATE_METHOD_MATCH = YES;
				COPY_PHASE_STRIP = NO;
				DEBUG_INFORMATION_FORMAT = dwarf;
				ENABLE_STRICT_OBJC_MSGSEND = YES;
				ENABLE_TESTABILITY = YES;
				GCC_C_LANGUAGE_STANDARD = gnu11;
				GCC_DYNAMIC_NO_PIC = NO;
				GCC_NO_COMMON_BLOCKS = YES;
				GCC_OPTIMIZATION_LEVEL = 0;
				GCC_PREPROCESSOR_DEFINITIONS = (
					"DEBUG=1",
					"$(inherited)",
				);
				GCC_WARN_64_TO_32_BIT_CONVERSION = YES;
				GCC_WARN_ABOUT_RETURN_TYPE = YES_ERROR;
				GCC_WARN_UNDECLARED_SELECTOR = YES;
				GCC_WARN_UNINITIALIZED_AUTOS = YES_AGGRESSIVE;
				GCC_WARN_UNUSED_FUNCTION = YES;
				GCC_WARN_UNUSED_VARIABLE = YES;
				IPHONEOS_DEPLOYMENT_TARGET = 15.0;
				MTL_ENABLE_DEBUG_INFO = INCLUDE_SOURCE;
				MTL_FAST_MATH = YES;
				ONLY_ACTIVE_ARCH = YES;
				SDKROOT = iphoneos;
				SWIFT_ACTIVE_COMPILATION_CONDITIONS = DEBUG;
				SWIFT_OPTIMIZATION_LEVEL = "-Onone";
			};
			name = Debug;
		};
		8D745558269FDB6E002A8EF5 /* Release */ = {
			isa = XCBuildConfiguration;
			buildSettings = {
				ALWAYS_SEARCH_USER_PATHS = NO;
				CLANG_ANALYZER_NONNULL = YES;
				CLANG_ANALYZER_NUMBER_OBJECT_CONVERSION = YES_AGGRESSIVE;
				CLANG_CXX_LANGUAGE_STANDARD = "gnu++17";
				CLANG_CXX_LIBRARY = "libc++";
				CLANG_ENABLE_MODULES = YES;
				CLANG_ENABLE_OBJC_ARC = YES;
				CLANG_ENABLE_OBJC_WEAK = YES;
				CLANG_WARN_BLOCK_CAPTURE_AUTORELEASING = YES;
				CLANG_WARN_BOOL_CONVERSION = YES;
				CLANG_WARN_COMMA = YES;
				CLANG_WARN_CONSTANT_CONVERSION = YES;
				CLANG_WARN_DEPRECATED_OBJC_IMPLEMENTATIONS = YES;
				CLANG_WARN_DIRECT_OBJC_ISA_USAGE = YES_ERROR;
				CLANG_WARN_DOCUMENTATION_COMMENTS = YES;
				CLANG_WARN_EMPTY_BODY = YES;
				CLANG_WARN_ENUM_CONVERSION = YES;
				CLANG_WARN_INFINITE_RECURSION = YES;
				CLANG_WARN_INT_CONVERSION = YES;
				CLANG_WARN_NON_LITERAL_NULL_CONVERSION = YES;
				CLANG_WARN_OBJC_IMPLICIT_RETAIN_SELF = YES;
				CLANG_WARN_OBJC_LITERAL_CONVERSION = YES;
				CLANG_WARN_OBJC_ROOT_CLASS = YES_ERROR;
				CLANG_WARN_QUOTED_INCLUDE_IN_FRAMEWORK_HEADER = YES;
				CLANG_WARN_RANGE_LOOP_ANALYSIS = YES;
				CLANG_WARN_STRICT_PROTOTYPES = YES;
				CLANG_WARN_SUSPICIOUS_MOVE = YES;
				CLANG_WARN_UNGUARDED_AVAILABILITY = YES_AGGRESSIVE;
				CLANG_WARN_UNREACHABLE_CODE = YES;
				CLANG_WARN__DUPLICATE_METHOD_MATCH = YES;
				COPY_PHASE_STRIP = NO;
				DEBUG_INFORMATION_FORMAT = "dwarf-with-dsym";
				ENABLE_NS_ASSERTIONS = NO;
				ENABLE_STRICT_OBJC_MSGSEND = YES;
				GCC_C_LANGUAGE_STANDARD = gnu11;
				GCC_NO_COMMON_BLOCKS = YES;
				GCC_WARN_64_TO_32_BIT_CONVERSION = YES;
				GCC_WARN_ABOUT_RETURN_TYPE = YES_ERROR;
				GCC_WARN_UNDECLARED_SELECTOR = YES;
				GCC_WARN_UNINITIALIZED_AUTOS = YES_AGGRESSIVE;
				GCC_WARN_UNUSED_FUNCTION = YES;
				GCC_WARN_UNUSED_VARIABLE = YES;
				IPHONEOS_DEPLOYMENT_TARGET = 15.0;
				MTL_ENABLE_DEBUG_INFO = NO;
				MTL_FAST_MATH = YES;
				SDKROOT = iphoneos;
				SWIFT_COMPILATION_MODE = wholemodule;
				SWIFT_OPTIMIZATION_LEVEL = "-O";
				VALIDATE_PRODUCT = YES;
			};
			name = Release;
		};
		8D74555A269FDB6E002A8EF5 /* Debug */ = {
			isa = XCBuildConfiguration;
			buildSettings = {
				ASSETCATALOG_COMPILER_APPICON_NAME = AppIcon;
				ASSETCATALOG_COMPILER_GLOBAL_ACCENT_COLOR_NAME = AccentColor;
				CODE_SIGN_STYLE = Automatic;
				CURRENT_PROJECT_VERSION = 1;
				DEVELOPMENT_ASSET_PATHS = "\"RandomQuoteAndImages/Preview Content\"";
				DEVELOPMENT_TEAM = B2Q8EGNCQA;
				ENABLE_PREVIEWS = YES;
				GENERATE_INFOPLIST_FILE = YES;
				INFOPLIST_KEY_UIApplicationSceneManifest_Generation = YES;
				INFOPLIST_KEY_UIApplicationSupportsIndirectInputEvents = YES;
				INFOPLIST_KEY_UILaunchScreen_Generation = YES;
				INFOPLIST_KEY_UISupportedInterfaceOrientations_iPad = "UIInterfaceOrientationPortrait UIInterfaceOrientationPortraitUpsideDown UIInterfaceOrientationLandscapeLeft UIInterfaceOrientationLandscapeRight";
				INFOPLIST_KEY_UISupportedInterfaceOrientations_iPhone = "UIInterfaceOrientationPortrait UIInterfaceOrientationLandscapeLeft UIInterfaceOrientationLandscapeRight";
				IPHONEOS_DEPLOYMENT_TARGET = 15.0;
				LD_RUNPATH_SEARCH_PATHS = (
					"$(inherited)",
					"@executable_path/Frameworks",
				);
				MARKETING_VERSION = 1.0;
				PRODUCT_BUNDLE_IDENTIFIER = com.azamsharp.RandomQuoteAndImages;
				PRODUCT_NAME = "$(TARGET_NAME)";
				SWIFT_EMIT_LOC_STRINGS = YES;
				SWIFT_VERSION = 5.0;
				TARGETED_DEVICE_FAMILY = "1,2";
			};
			name = Debug;
		};
		8D74555B269FDB6E002A8EF5 /* Release */ = {
			isa = XCBuildConfiguration;
			buildSettings = {
				ASSETCATALOG_COMPILER_APPICON_NAME = AppIcon;
				ASSETCATALOG_COMPILER_GLOBAL_ACCENT_COLOR_NAME = AccentColor;
				CODE_SIGN_STYLE = Automatic;
				CURRENT_PROJECT_VERSION = 1;
				DEVELOPMENT_ASSET_PATHS = "\"RandomQuoteAndImages/Preview Content\"";
				DEVELOPMENT_TEAM = B2Q8EGNCQA;
				ENABLE_PREVIEWS = YES;
				GENERATE_INFOPLIST_FILE = YES;
				INFOPLIST_KEY_UIApplicationSceneManifest_Generation = YES;
				INFOPLIST_KEY_UIApplicationSupportsIndirectInputEvents = YES;
				INFOPLIST_KEY_UILaunchScreen_Generation = YES;
				INFOPLIST_KEY_UISupportedInterfaceOrientations_iPad = "UIInterfaceOrientationPortrait UIInterfaceOrientationPortraitUpsideDown UIInterfaceOrientationLandscapeLeft UIInterfaceOrientationLandscapeRight";
				INFOPLIST_KEY_UISupportedInterfaceOrientations_iPhone = "UIInterfaceOrientationPortrait UIInterfaceOrientationLandscapeLeft UIInterfaceOrientationLandscapeRight";
				IPHONEOS_DEPLOYMENT_TARGET = 15.0;
				LD_RUNPATH_SEARCH_PATHS = (
					"$(inherited)",
					"@executable_path/Frameworks",
				);
				MARKETING_VERSION = 1.0;
				PRODUCT_BUNDLE_IDENTIFIER = com.azamsharp.RandomQuoteAndImages;
				PRODUCT_NAME = "$(TARGET_NAME)";
				SWIFT_EMIT_LOC_STRINGS = YES;
				SWIFT_VERSION = 5.0;
				TARGETED_DEVICE_FAMILY = "1,2";
			};
			name = Release;
		};
/* End XCBuildConfiguration section */

/* Begin XCConfigurationList section */
		8D745546269FDB6D002A8EF5 /* Build configuration list for PBXProject "RandomQuoteAndImages" */ = {
			isa = XCConfigurationList;
			buildConfigurations = (
				8D745557269FDB6E002A8EF5 /* Debug */,
				8D745558269FDB6E002A8EF5 /* Release */,
			);
			defaultConfigurationIsVisible = 0;
			defaultConfigurationName = Release;
		};
		8D745559269FDB6E002A8EF5 /* Build configuration list for PBXNativeTarget "RandomQuoteAndImages" */ = {
			isa = XCConfigurationList;
			buildConfigurations = (
				8D74555A269FDB6E002A8EF5 /* Debug */,
				8D74555B269FDB6E002A8EF5 /* Release */,
			);
			defaultConfigurationIsVisible = 0;
			defaultConfigurationName = Release;
		};
/* End XCConfigurationList section */
	};
	rootObject = 8D745543269FDB6D002A8EF5 /* Project object */;
}
